
Microsoft Visual Studio Solution File, Format Version 12.00
# Visual Studio 15
VisualStudioVersion = 15.0.28010.2041
MinimumVisualStudioVersion = 10.0.40219.1
Project("{FAE04EC0-301F-11D3-BF4B-00C04F79EFBC}") = "NewFullStack.API", "NewFullStack.API\NewFullStack.API.csproj", "{D433D264-6A6B-456E-81C5-055A264FDE68}"
EndProject
Global
	GlobalSection(SolutionConfigurationPlatforms) = preSolution
		Debug|Any CPU = Debug|Any CPU
		Release|Any CPU = Release|Any CPU
	EndGlobalSection
	GlobalSection(ProjectConfigurationPlatforms) = postSolution
		{D433D264-6A6B-456E-81C5-055A264FDE68}.Debug|Any CPU.ActiveCfg = Debug|Any CPU
		{D433D264-6A6B-456E-81C5-055A264FDE68}.Debug|Any CPU.Build.0 = Debug|Any CPU
		{D433D264-6A6B-456E-81C5-055A264FDE68}.Release|Any CPU.ActiveCfg = Release|Any CPU
		{D433D264-6A6B-456E-81C5-055A264FDE68}.Release|Any CPU.Build.0 = Release|Any CPU
	EndGlobalSection
	GlobalSection(SolutionProperties) = preSolution
		HideSolutionNode = FALSE
	EndGlobalSection
	GlobalSection(ExtensibilityGlobals) = postSolution
		SolutionGuid = {45E76526-FC97-4AA6-9849-4F87B5C0FC9F}
	EndGlobalSection
EndGlobal
